
Microsoft Visual Studio Solution File, Format Version 12.00
# Visual Studio Version 17
VisualStudioVersion = 17.5.33516.290
MinimumVisualStudioVersion = 10.0.40219.1
Project("{FAE04EC0-301F-11D3-BF4B-00C04F79EFBC}") = "WinForm", "WinForm\WinForm.csproj", "{B883C4FA-2438-4AEB-80B1-3CDEF9837A58}"
EndProject
Project("{FAE04EC0-301F-11D3-BF4B-00C04F79EFBC}") = "Dominio", "Dominio\Dominio.csproj", "{BF5D572A-D0C2-4C3D-B175-403CBEF98736}"
EndProject
Project("{FAE04EC0-301F-11D3-BF4B-00C04F79EFBC}") = "Negocio", "Negocio\Negocio.csproj", "{B3EBF75F-DB3F-471E-8A93-EFEDAE4B29FE}"
EndProject
Global
	GlobalSection(SolutionConfigurationPlatforms) = preSolution
		Debug|Any CPU = Debug|Any CPU
		Release|Any CPU = Release|Any CPU
	EndGlobalSection
	GlobalSection(ProjectConfigurationPlatforms) = postSolution
		{B883C4FA-2438-4AEB-80B1-3CDEF9837A58}.Debug|Any CPU.ActiveCfg = Debug|Any CPU
		{B883C4FA-2438-4AEB-80B1-3CDEF9837A58}.Debug|Any CPU.Build.0 = Debug|Any CPU
		{B883C4FA-2438-4AEB-80B1-3CDEF9837A58}.Release|Any CPU.ActiveCfg = Release|Any CPU
		{B883C4FA-2438-4AEB-80B1-3CDEF9837A58}.Release|Any CPU.Build.0 = Release|Any CPU
		{BF5D572A-D0C2-4C3D-B175-403CBEF98736}.Debug|Any CPU.ActiveCfg = Debug|Any CPU
		{BF5D572A-D0C2-4C3D-B175-403CBEF98736}.Debug|Any CPU.Build.0 = Debug|Any CPU
		{BF5D572A-D0C2-4C3D-B175-403CBEF98736}.Release|Any CPU.ActiveCfg = Release|Any CPU
		{BF5D572A-D0C2-4C3D-B175-403CBEF98736}.Release|Any CPU.Build.0 = Release|Any CPU
		{B3EBF75F-DB3F-471E-8A93-EFEDAE4B29FE}.Debug|Any CPU.ActiveCfg = Debug|Any CPU
		{B3EBF75F-DB3F-471E-8A93-EFEDAE4B29FE}.Debug|Any CPU.Build.0 = Debug|Any CPU
		{B3EBF75F-DB3F-471E-8A93-EFEDAE4B29FE}.Release|Any CPU.ActiveCfg = Release|Any CPU
		{B3EBF75F-DB3F-471E-8A93-EFEDAE4B29FE}.Release|Any CPU.Build.0 = Release|Any CPU
	EndGlobalSection
	GlobalSection(SolutionProperties) = preSolution
		HideSolutionNode = FALSE
	EndGlobalSection
	GlobalSection(ExtensibilityGlobals) = postSolution
		SolutionGuid = {BF6C53DC-6348-45CE-87EB-3EB010D57246}
	EndGlobalSection
EndGlobal
